PODS:
  - ChameleonFramework/Default (2.1.0)
  - ChameleonFramework/Swift (2.1.0):
    - ChameleonFramework/Default
  - MBProgressHUD (1.1.0)
  - NavigationDrawer (1.0.0)
  - RNPulseButton (0.5.0)
  - SCLAlertView (0.8)

DEPENDENCIES:
  - ChameleonFramework/Swift
  - MBProgressHUD
  - NavigationDrawer
  - RNPulseButton
  - SCLAlertView

SPEC REPOS:
  https://github.com/cocoapods/specs.git:
    - ChameleonFramework
    - MBProgressHUD
    - NavigationDrawer
    - RNPulseButton
    - SCLAlertView

SPEC CHECKSUMS:
  ChameleonFramework: d21a3cc247abfe5e37609a283a8238b03575cf64
  MBProgressHUD: e7baa36a220447d8aeb12769bf0585582f3866d9
  NavigationDrawer: bc637c0a1700b04f8cd9a5e88b709f6793ca6ac6
  RNPulseButton: a722cfe692b83796906fbc51c0eba7e87c0fec2a
  SCLAlertView: 6a77bb2edfc65e04dbe57725546cb4107a506b85

PODFILE CHECKSUM: d306b351eb6e498422db41ce0ee88b8cfca3ff41

COCOAPODS: 1.5.3
