// !$*UTF8*$!
{
	archiveVersion = 1;
	classes = {
	};
	objectVersion = 50;
	objects = {

/* Begin PBXBuildFile section */
		3D8EB11214FF828B72AD1D9C /* Pods_Dabble.framework in Frameworks */ = {isa = PBXBuildFile; fileRef = 54DB855C89EFC3F985C53DB4 /* Pods_Dabble.framework */; };
		8002993E229BE08900C8F947 /* BluetoothSerial.swift in Sources */ = {isa = PBXBuildFile; fileRef = 8002993D229BE08900C8F947 /* BluetoothSerial.swift */; };
		80029940229BE18500C8F947 /* Extensions.swift in Sources */ = {isa = PBXBuildFile; fileRef = 8002993F229BE18500C8F947 /* Extensions.swift */; };
		80029942229BE27F00C8F947 /* TerminalVC.swift in Sources */ = {isa = PBXBuildFile; fileRef = 80029941229BE27F00C8F947 /* TerminalVC.swift */; };
		80029944229BE2B200C8F947 /* BluetoothScannerVC.swift in Sources */ = {isa = PBXBuildFile; fileRef = 80029943229BE2B200C8F947 /* BluetoothScannerVC.swift */; };
		80029946229BE45300C8F947 /* BluetoothScannerCell.swift in Sources */ = {isa = PBXBuildFile; fileRef = 80029945229BE45300C8F947 /* BluetoothScannerCell.swift */; };
		808A543B229D20E30029CA3A /* TerminalCell.swift in Sources */ = {isa = PBXBuildFile; fileRef = 808A543A229D20E30029CA3A /* TerminalCell.swift */; };
		808A543D229D35D00029CA3A /* Terminal.swift in Sources */ = {isa = PBXBuildFile; fileRef = 808A543C229D35D00029CA3A /* Terminal.swift */; };
		809C505F2296C3D4003F0E2A /* AppDelegate.swift in Sources */ = {isa = PBXBuildFile; fileRef = 809C505E2296C3D4003F0E2A /* AppDelegate.swift */; };
		809C50612296C3D4003F0E2A /* HomeVC.swift in Sources */ = {isa = PBXBuildFile; fileRef = 809C50602296C3D4003F0E2A /* HomeVC.swift */; };
		809C50642296C3D4003F0E2A /* Main.storyboard in Resources */ = {isa = PBXBuildFile; fileRef = 809C50622296C3D4003F0E2A /* Main.storyboard */; };
		809C50662296C3D5003F0E2A /* Assets.xcassets in Resources */ = {isa = PBXBuildFile; fileRef = 809C50652296C3D5003F0E2A /* Assets.xcassets */; };
		809C50692296C3D5003F0E2A /* LaunchScreen.storyboard in Resources */ = {isa = PBXBuildFile; fileRef = 809C50672296C3D5003F0E2A /* LaunchScreen.storyboard */; };
		809C50772296C793003F0E2A /* HomeCell.swift in Sources */ = {isa = PBXBuildFile; fileRef = 809C50762296C793003F0E2A /* HomeCell.swift */; };
		80C0E0B522A287C20018B043 /* SettingsVC.swift in Sources */ = {isa = PBXBuildFile; fileRef = 80C0E0B422A287C20018B043 /* SettingsVC.swift */; };
		80C1EFF92297B67600320E15 /* Components.swift in Sources */ = {isa = PBXBuildFile; fileRef = 80C1EFF82297B67600320E15 /* Components.swift */; };
		80C1EFFB2297B77300320E15 /* DataService.swift in Sources */ = {isa = PBXBuildFile; fileRef = 80C1EFFA2297B77300320E15 /* DataService.swift */; };
		80C1EFFD2297C2F700320E15 /* GradientView.swift in Sources */ = {isa = PBXBuildFile; fileRef = 80C1EFFC2297C2F700320E15 /* GradientView.swift */; };
		80D7FB3D22A0F1EF00B9988C /* GamePadVC.swift in Sources */ = {isa = PBXBuildFile; fileRef = 80D7FB3C22A0F1EF00B9988C /* GamePadVC.swift */; };
/* End PBXBuildFile section */

/* Begin PBXFileReference section */
		5263FCBDBE10DA0D8F0DB58E /* Pods-Dabble.release.xcconfig */ = {isa = PBXFileReference; includeInIndex = 1; lastKnownFileType = text.xcconfig; name = "Pods-Dabble.release.xcconfig"; path = "Pods/Target Support Files/Pods-Dabble/Pods-Dabble.release.xcconfig"; sourceTree = "<group>"; };
		54DB855C89EFC3F985C53DB4 /* Pods_Dabble.framework */ = {isa = PBXFileReference; explicitFileType = wrapper.framework; includeInIndex = 0; path = Pods_Dabble.framework; sourceTree = BUILT_PRODUCTS_DIR; };
		71C7653E87B9C4C198388E08 /* Pods-Dabble.debug.xcconfig */ = {isa = PBXFileReference; includeInIndex = 1; lastKnownFileType = text.xcconfig; name = "Pods-Dabble.debug.xcconfig"; path = "Pods/Target Support Files/Pods-Dabble/Pods-Dabble.debug.xcconfig"; sourceTree = "<group>"; };
		8002993D229BE08900C8F947 /* BluetoothSerial.swift */ = {isa = PBXFileReference; lastKnownFileType = sourcecode.swift; path = BluetoothSerial.swift; sourceTree = "<group>"; };
		8002993F229BE18500C8F947 /* Extensions.swift */ = {isa = PBXFileReference; lastKnownFileType = sourcecode.swift; path = Extensions.swift; sourceTree = "<group>"; };
		80029941229BE27F00C8F947 /* TerminalVC.swift */ = {isa = PBXFileReference; lastKnownFileType = sourcecode.swift; path = TerminalVC.swift; sourceTree = "<group>"; };
		80029943229BE2B200C8F947 /* BluetoothScannerVC.swift */ = {isa = PBXFileReference; lastKnownFileType = sourcecode.swift; path = BluetoothScannerVC.swift; sourceTree = "<group>"; };
		80029945229BE45300C8F947 /* BluetoothScannerCell.swift */ = {isa = PBXFileReference; lastKnownFileType = sourcecode.swift; path = BluetoothScannerCell.swift; sourceTree = "<group>"; };
		808A543A229D20E30029CA3A /* TerminalCell.swift */ = {isa = PBXFileReference; lastKnownFileType = sourcecode.swift; path = TerminalCell.swift; sourceTree = "<group>"; };
		808A543C229D35D00029CA3A /* Terminal.swift */ = {isa = PBXFileReference; lastKnownFileType = sourcecode.swift; path = Terminal.swift; sourceTree = "<group>"; };
		809C505B2296C3D4003F0E2A /* Dabble.app */ = {isa = PBXFileReference; explicitFileType = wrapper.application; includeInIndex = 0; path = Dabble.app; sourceTree = BUILT_PRODUCTS_DIR; };
		809C505E2296C3D4003F0E2A /* AppDelegate.swift */ = {isa = PBXFileReference; lastKnownFileType = sourcecode.swift; path = AppDelegate.swift; sourceTree = "<group>"; };
		809C50602296C3D4003F0E2A /* HomeVC.swift */ = {isa = PBXFileReference; lastKnownFileType = sourcecode.swift; path = HomeVC.swift; sourceTree = "<group>"; };
		809C50632296C3D4003F0E2A /* Base */ = {isa = PBXFileReference; lastKnownFileType = file.storyboard; name = Base; path = Base.lproj/Main.storyboard; sourceTree = "<group>"; };
		809C50652296C3D5003F0E2A /* Assets.xcassets */ = {isa = PBXFileReference; lastKnownFileType = folder.assetcatalog; path = Assets.xcassets; sourceTree = "<group>"; };
		809C50682296C3D5003F0E2A /* Base */ = {isa = PBXFileReference; lastKnownFileType = file.storyboard; name = Base; path = Base.lproj/LaunchScreen.storyboard; sourceTree = "<group>"; };
		809C506A2296C3D5003F0E2A /* Info.plist */ = {isa = PBXFileReference; lastKnownFileType = text.plist.xml; path = Info.plist; sourceTree = "<group>"; };
		809C50762296C793003F0E2A /* HomeCell.swift */ = {isa = PBXFileReference; lastKnownFileType = sourcecode.swift; path = HomeCell.swift; sourceTree = "<group>"; };
		80C0E0B422A287C20018B043 /* SettingsVC.swift */ = {isa = PBXFileReference; lastKnownFileType = sourcecode.swift; path = SettingsVC.swift; sourceTree = "<group>"; };
		80C1EFF82297B67600320E15 /* Components.swift */ = {isa = PBXFileReference; lastKnownFileType = sourcecode.swift; path = Components.swift; sourceTree = "<group>"; };
		80C1EFFA2297B77300320E15 /* DataService.swift */ = {isa = PBXFileReference; lastKnownFileType = sourcecode.swift; path = DataService.swift; sourceTree = "<group>"; };
		80C1EFFC2297C2F700320E15 /* GradientView.swift */ = {isa = PBXFileReference; lastKnownFileType = sourcecode.swift; path = GradientView.swift; sourceTree = "<group>"; };
		80D7FB3C22A0F1EF00B9988C /* GamePadVC.swift */ = {isa = PBXFileReference; lastKnownFileType = sourcecode.swift; path = GamePadVC.swift; sourceTree = "<group>"; };
/* End PBXFileReference section */

/* Begin PBXFrameworksBuildPhase section */
		809C50582296C3D4003F0E2A /* Frameworks */ = {
			isa = PBXFrameworksBuildPhase;
			buildActionMask = 2147483647;
			files = (
				3D8EB11214FF828B72AD1D9C /* Pods_Dabble.framework in Frameworks */,
			);
			runOnlyForDeploymentPostprocessing = 0;
		};
/* End PBXFrameworksBuildPhase section */

/* Begin PBXGroup section */
		77937877C13A11AA3973DB11 /* Pods */ = {
			isa = PBXGroup;
			children = (
				71C7653E87B9C4C198388E08 /* Pods-Dabble.debug.xcconfig */,
				5263FCBDBE10DA0D8F0DB58E /* Pods-Dabble.release.xcconfig */,
			);
			name = Pods;
			sourceTree = "<group>";
		};
		809C50522296C3D4003F0E2A = {
			isa = PBXGroup;
			children = (
				809C505D2296C3D4003F0E2A /* Dabble */,
				809C505C2296C3D4003F0E2A /* Products */,
				77937877C13A11AA3973DB11 /* Pods */,
				B28D5A056AC5C1839CA12531 /* Frameworks */,
			);
			sourceTree = "<group>";
		};
		809C505C2296C3D4003F0E2A /* Products */ = {
			isa = PBXGroup;
			children = (
				809C505B2296C3D4003F0E2A /* Dabble.app */,
			);
			name = Products;
			sourceTree = "<group>";
		};
		809C505D2296C3D4003F0E2A /* Dabble */ = {
			isa = PBXGroup;
			children = (
				809C50742296C75B003F0E2A /* SupportingFiles */,
				809C50732296C754003F0E2A /* Utils */,
				809C50722296C74E003F0E2A /* Model */,
				809C50712296C748003F0E2A /* View */,
				809C50702296C73E003F0E2A /* Controller */,
				809C505E2296C3D4003F0E2A /* AppDelegate.swift */,
				809C50622296C3D4003F0E2A /* Main.storyboard */,
				809C50652296C3D5003F0E2A /* Assets.xcassets */,
				809C50672296C3D5003F0E2A /* LaunchScreen.storyboard */,
				809C506A2296C3D5003F0E2A /* Info.plist */,
			);
			path = Dabble;
			sourceTree = "<group>";
		};
		809C50702296C73E003F0E2A /* Controller */ = {
			isa = PBXGroup;
			children = (
				809C50602296C3D4003F0E2A /* HomeVC.swift */,
				80029943229BE2B200C8F947 /* BluetoothScannerVC.swift */,
				80029941229BE27F00C8F947 /* TerminalVC.swift */,
				80D7FB3C22A0F1EF00B9988C /* GamePadVC.swift */,
				80C0E0B422A287C20018B043 /* SettingsVC.swift */,
			);
			path = Controller;
			sourceTree = "<group>";
		};
		809C50712296C748003F0E2A /* View */ = {
			isa = PBXGroup;
			children = (
				809C50762296C793003F0E2A /* HomeCell.swift */,
				80C1EFFC2297C2F700320E15 /* GradientView.swift */,
				80029945229BE45300C8F947 /* BluetoothScannerCell.swift */,
				808A543A229D20E30029CA3A /* TerminalCell.swift */,
			);
			path = View;
			sourceTree = "<group>";
		};
		809C50722296C74E003F0E2A /* Model */ = {
			isa = PBXGroup;
			children = (
				80C1EFF82297B67600320E15 /* Components.swift */,
				808A543C229D35D00029CA3A /* Terminal.swift */,
			);
			path = Model;
			sourceTree = "<group>";
		};
		809C50732296C754003F0E2A /* Utils */ = {
			isa = PBXGroup;
			children = (
				8002993F229BE18500C8F947 /* Extensions.swift */,
			);
			path = Utils;
			sourceTree = "<group>";
		};
		809C50742296C75B003F0E2A /* SupportingFiles */ = {
			isa = PBXGroup;
			children = (
				8002993D229BE08900C8F947 /* BluetoothSerial.swift */,
				80C1EFFA2297B77300320E15 /* DataService.swift */,
			);
			path = SupportingFiles;
			sourceTree = "<group>";
		};
		B28D5A056AC5C1839CA12531 /* Frameworks */ = {
			isa = PBXGroup;
			children = (
				54DB855C89EFC3F985C53DB4 /* Pods_Dabble.framework */,
			);
			name = Frameworks;
			sourceTree = "<group>";
		};
/* End PBXGroup section */

/* Begin PBXNativeTarget section */
		809C505A2296C3D4003F0E2A /* Dabble */ = {
			isa = PBXNativeTarget;
			buildConfigurationList = 809C506D2296C3D5003F0E2A /* Build configuration list for PBXNativeTarget "Dabble" */;
			buildPhases = (
				5BCE6B7FC3674DCC97C2653F /* [CP] Check Pods Manifest.lock */,
				809C50572296C3D4003F0E2A /* Sources */,
				809C50582296C3D4003F0E2A /* Frameworks */,
				809C50592296C3D4003F0E2A /* Resources */,
				980A308D07A8D6359EF8D37F /* [CP] Embed Pods Frameworks */,
			);
			buildRules = (
			);
			dependencies = (
			);
			name = Dabble;
			productName = Dabble;
			productReference = 809C505B2296C3D4003F0E2A /* Dabble.app */;
			productType = "com.apple.product-type.application";
		};
/* End PBXNativeTarget section */

/* Begin PBXProject section */
		809C50532296C3D4003F0E2A /* Project object */ = {
			isa = PBXProject;
			attributes = {
				LastSwiftUpdateCheck = 1020;
				LastUpgradeCheck = 1020;
				ORGANIZATIONNAME = "Vivek Rai";
				TargetAttributes = {
					809C505A2296C3D4003F0E2A = {
						CreatedOnToolsVersion = 10.2;
					};
				};
			};
			buildConfigurationList = 809C50562296C3D4003F0E2A /* Build configuration list for PBXProject "Dabble" */;
			compatibilityVersion = "Xcode 9.3";
			developmentRegion = en;
			hasScannedForEncodings = 0;
			knownRegions = (
				en,
				Base,
			);
			mainGroup = 809C50522296C3D4003F0E2A;
			productRefGroup = 809C505C2296C3D4003F0E2A /* Products */;
			projectDirPath = "";
			projectRoot = "";
			targets = (
				809C505A2296C3D4003F0E2A /* Dabble */,
			);
		};
/* End PBXProject section */

/* Begin PBXResourcesBuildPhase section */
		809C50592296C3D4003F0E2A /* Resources */ = {
			isa = PBXResourcesBuildPhase;
			buildActionMask = 2147483647;
			files = (
				809C50692296C3D5003F0E2A /* LaunchScreen.storyboard in Resources */,
				809C50662296C3D5003F0E2A /* Assets.xcassets in Resources */,
				809C50642296C3D4003F0E2A /* Main.storyboard in Resources */,
			);
			runOnlyForDeploymentPostprocessing = 0;
		};
/* End PBXResourcesBuildPhase section */

/* Begin PBXShellScriptBuildPhase section */
		5BCE6B7FC3674DCC97C2653F /* [CP] Check Pods Manifest.lock */ = {
			isa = PBXShellScriptBuildPhase;
			buildActionMask = 2147483647;
			files = (
			);
			inputPaths = (
				"${PODS_PODFILE_DIR_PATH}/Podfile.lock",
				"${PODS_ROOT}/Manifest.lock",
			);
			name = "[CP] Check Pods Manifest.lock";
			outputPaths = (
				"$(DERIVED_FILE_DIR)/Pods-Dabble-checkManifestLockResult.txt",
			);
			runOnlyForDeploymentPostprocessing = 0;
			shellPath = /bin/sh;
			shellScript = "diff \"${PODS_PODFILE_DIR_PATH}/Podfile.lock\" \"${PODS_ROOT}/Manifest.lock\" > /dev/null\nif [ $? != 0 ] ; then\n    # print error to STDERR\n    echo \"error: The sandbox is not in sync with the Podfile.lock. Run 'pod install' or update your CocoaPods installation.\" >&2\n    exit 1\nfi\n# This output is used by Xcode 'outputs' to avoid re-running this script phase.\necho \"SUCCESS\" > \"${SCRIPT_OUTPUT_FILE_0}\"\n";
			showEnvVarsInLog = 0;
		};
		980A308D07A8D6359EF8D37F /* [CP] Embed Pods Frameworks */ = {
			isa = PBXShellScriptBuildPhase;
			buildActionMask = 2147483647;
			files = (
			);
			inputPaths = (
				"${SRCROOT}/Pods/Target Support Files/Pods-Dabble/Pods-Dabble-frameworks.sh",
				"${BUILT_PRODUCTS_DIR}/ChameleonFramework/ChameleonFramework.framework",
				"${BUILT_PRODUCTS_DIR}/MBProgressHUD/MBProgressHUD.framework",
				"${BUILT_PRODUCTS_DIR}/SCLAlertView/SCLAlertView.framework",
			);
			name = "[CP] Embed Pods Frameworks";
			outputPaths = (
				"${TARGET_BUILD_DIR}/${FRAMEWORKS_FOLDER_PATH}/ChameleonFramework.framework",
				"${TARGET_BUILD_DIR}/${FRAMEWORKS_FOLDER_PATH}/MBProgressHUD.framework",
				"${TARGET_BUILD_DIR}/${FRAMEWORKS_FOLDER_PATH}/SCLAlertView.framework",
			);
			runOnlyForDeploymentPostprocessing = 0;
			shellPath = /bin/sh;
			shellScript = "\"${SRCROOT}/Pods/Target Support Files/Pods-Dabble/Pods-Dabble-frameworks.sh\"\n";
			showEnvVarsInLog = 0;
		};
/* End PBXShellScriptBuildPhase section */

/* Begin PBXSourcesBuildPhase section */
		809C50572296C3D4003F0E2A /* Sources */ = {
			isa = PBXSourcesBuildPhase;
			buildActionMask = 2147483647;
			files = (
				809C50612296C3D4003F0E2A /* HomeVC.swift in Sources */,
				808A543D229D35D00029CA3A /* Terminal.swift in Sources */,
				80029942229BE27F00C8F947 /* TerminalVC.swift in Sources */,
				80029946229BE45300C8F947 /* BluetoothScannerCell.swift in Sources */,
				80029944229BE2B200C8F947 /* BluetoothScannerVC.swift in Sources */,
				80C1EFF92297B67600320E15 /* Components.swift in Sources */,
				80C1EFFD2297C2F700320E15 /* GradientView.swift in Sources */,
				80029940229BE18500C8F947 /* Extensions.swift in Sources */,
				80D7FB3D22A0F1EF00B9988C /* GamePadVC.swift in Sources */,
				809C50772296C793003F0E2A /* HomeCell.swift in Sources */,
				809C505F2296C3D4003F0E2A /* AppDelegate.swift in Sources */,
				808A543B229D20E30029CA3A /* TerminalCell.swift in Sources */,
				8002993E229BE08900C8F947 /* BluetoothSerial.swift in Sources */,
				80C1EFFB2297B77300320E15 /* DataService.swift in Sources */,
				80C0E0B522A287C20018B043 /* SettingsVC.swift in Sources */,
			);
			runOnlyForDeploymentPostprocessing = 0;
		};
/* End PBXSourcesBuildPhase section */

/* Begin PBXVariantGroup section */
		809C50622296C3D4003F0E2A /* Main.storyboard */ = {
			isa = PBXVariantGroup;
			children = (
				809C50632296C3D4003F0E2A /* Base */,
			);
			name = Main.storyboard;
			sourceTree = "<group>";
		};
		809C50672296C3D5003F0E2A /* LaunchScreen.storyboard */ = {
			isa = PBXVariantGroup;
			children = (
				809C50682296C3D5003F0E2A /* Base */,
			);
			name = LaunchScreen.storyboard;
			sourceTree = "<group>";
		};
/* End PBXVariantGroup section */

/* Begin XCBuildConfiguration section */
		809C506B2296C3D5003F0E2A /* Debug */ = {
			isa = XCBuildConfiguration;
			buildSettings = {
				ALWAYS_SEARCH_USER_PATHS = NO;
				CLANG_ANALYZER_NONNULL = YES;
				CLANG_ANALYZER_NUMBER_OBJECT_CONVERSION = YES_AGGRESSIVE;
				CLANG_CXX_LANGUAGE_STANDARD = "gnu++14";
				CLANG_CXX_LIBRARY = "libc++";
				CLANG_ENABLE_MODULES = YES;
				CLANG_ENABLE_OBJC_ARC = YES;
				CLANG_ENABLE_OBJC_WEAK = YES;
				CLANG_WARN_BLOCK_CAPTURE_AUTORELEASING = YES;
				CLANG_WARN_BOOL_CONVERSION = YES;
				CLANG_WARN_COMMA = YES;
				CLANG_WARN_CONSTANT_CONVERSION = YES;
				CLANG_WARN_DEPRECATED_OBJC_IMPLEMENTATIONS = YES;
				CLANG_WARN_DIRECT_OBJC_ISA_USAGE = YES_ERROR;
				CLANG_WARN_DOCUMENTATION_COMMENTS = YES;
				CLANG_WARN_EMPTY_BODY = YES;
				CLANG_WARN_ENUM_CONVERSION = YES;
				CLANG_WARN_INFINITE_RECURSION = YES;
				CLANG_WARN_INT_CONVERSION = YES;
				CLANG_WARN_NON_LITERAL_NULL_CONVERSION = YES;
				CLANG_WARN_OBJC_IMPLICIT_RETAIN_SELF = YES;
				CLANG_WARN_OBJC_LITERAL_CONVERSION = YES;
				CLANG_WARN_OBJC_ROOT_CLASS = YES_ERROR;
				CLANG_WARN_RANGE_LOOP_ANALYSIS = YES;
				CLANG_WARN_STRICT_PROTOTYPES = YES;
				CLANG_WARN_SUSPICIOUS_MOVE = YES;
				CLANG_WARN_UNGUARDED_AVAILABILITY = YES_AGGRESSIVE;
				CLANG_WARN_UNREACHABLE_CODE = YES;
				CLANG_WARN__DUPLICATE_METHOD_MATCH = YES;
				CODE_SIGN_IDENTITY = "iPhone Developer";
				COPY_PHASE_STRIP = NO;
				DEBUG_INFORMATION_FORMAT = dwarf;
				ENABLE_STRICT_OBJC_MSGSEND = YES;
				ENABLE_TESTABILITY = YES;
				GCC_C_LANGUAGE_STANDARD = gnu11;
				GCC_DYNAMIC_NO_PIC = NO;
				GCC_NO_COMMON_BLOCKS = YES;
				GCC_OPTIMIZATION_LEVEL = 0;
				GCC_PREPROCESSOR_DEFINITIONS = (
					"DEBUG=1",
					"$(inherited)",
				);
				GCC_WARN_64_TO_32_BIT_CONVERSION = YES;
				GCC_WARN_ABOUT_RETURN_TYPE = YES_ERROR;
				GCC_WARN_UNDECLARED_SELECTOR = YES;
				GCC_WARN_UNINITIALIZED_AUTOS = YES_AGGRESSIVE;
				GCC_WARN_UNUSED_FUNCTION = YES;
				GCC_WARN_UNUSED_VARIABLE = YES;
				IPHONEOS_DEPLOYMENT_TARGET = 12.2;
				MTL_ENABLE_DEBUG_INFO = INCLUDE_SOURCE;
				MTL_FAST_MATH = YES;
				ONLY_ACTIVE_ARCH = YES;
				SDKROOT = iphoneos;
				SWIFT_ACTIVE_COMPILATION_CONDITIONS = DEBUG;
				SWIFT_OPTIMIZATION_LEVEL = "-Onone";
			};
			name = Debug;
		};
		809C506C2296C3D5003F0E2A /* Release */ = {
			isa = XCBuildConfiguration;
			buildSettings = {
				ALWAYS_SEARCH_USER_PATHS = NO;
				CLANG_ANALYZER_NONNULL = YES;
				CLANG_ANALYZER_NUMBER_OBJECT_CONVERSION = YES_AGGRESSIVE;
				CLANG_CXX_LANGUAGE_STANDARD = "gnu++14";
				CLANG_CXX_LIBRARY = "libc++";
				CLANG_ENABLE_MODULES = YES;
				CLANG_ENABLE_OBJC_ARC = YES;
				CLANG_ENABLE_OBJC_WEAK = YES;
				CLANG_WARN_BLOCK_CAPTURE_AUTORELEASING = YES;
				CLANG_WARN_BOOL_CONVERSION = YES;
				CLANG_WARN_COMMA = YES;
				CLANG_WARN_CONSTANT_CONVERSION = YES;
				CLANG_WARN_DEPRECATED_OBJC_IMPLEMENTATIONS = YES;
				CLANG_WARN_DIRECT_OBJC_ISA_USAGE = YES_ERROR;
				CLANG_WARN_DOCUMENTATION_COMMENTS = YES;
				CLANG_WARN_EMPTY_BODY = YES;
				CLANG_WARN_ENUM_CONVERSION = YES;
				CLANG_WARN_INFINITE_RECURSION = YES;
				CLANG_WARN_INT_CONVERSION = YES;
				CLANG_WARN_NON_LITERAL_NULL_CONVERSION = YES;
				CLANG_WARN_OBJC_IMPLICIT_RETAIN_SELF = YES;
				CLANG_WARN_OBJC_LITERAL_CONVERSION = YES;
				CLANG_WARN_OBJC_ROOT_CLASS = YES_ERROR;
				CLANG_WARN_RANGE_LOOP_ANALYSIS = YES;
				CLANG_WARN_STRICT_PROTOTYPES = YES;
				CLANG_WARN_SUSPICIOUS_MOVE = YES;
				CLANG_WARN_UNGUARDED_AVAILABILITY = YES_AGGRESSIVE;
				CLANG_WARN_UNREACHABLE_CODE = YES;
				CLANG_WARN__DUPLICATE_METHOD_MATCH = YES;
				CODE_SIGN_IDENTITY = "iPhone Developer";
				COPY_PHASE_STRIP = NO;
				DEBUG_INFORMATION_FORMAT = "dwarf-with-dsym";
				ENABLE_NS_ASSERTIONS = NO;
				ENABLE_STRICT_OBJC_MSGSEND = YES;
				GCC_C_LANGUAGE_STANDARD = gnu11;
				GCC_NO_COMMON_BLOCKS = YES;
				GCC_WARN_64_TO_32_BIT_CONVERSION = YES;
				GCC_WARN_ABOUT_RETURN_TYPE = YES_ERROR;
				GCC_WARN_UNDECLARED_SELECTOR = YES;
				GCC_WARN_UNINITIALIZED_AUTOS = YES_AGGRESSIVE;
				GCC_WARN_UNUSED_FUNCTION = YES;
				GCC_WARN_UNUSED_VARIABLE = YES;
				IPHONEOS_DEPLOYMENT_TARGET = 12.2;
				MTL_ENABLE_DEBUG_INFO = NO;
				MTL_FAST_MATH = YES;
				SDKROOT = iphoneos;
				SWIFT_COMPILATION_MODE = wholemodule;
				SWIFT_OPTIMIZATION_LEVEL = "-O";
				VALIDATE_PRODUCT = YES;
			};
			name = Release;
		};
		809C506E2296C3D5003F0E2A /* Debug */ = {
			isa = XCBuildConfiguration;
			baseConfigurationReference = 71C7653E87B9C4C198388E08 /* Pods-Dabble.debug.xcconfig */;
			buildSettings = {
				ASSETCATALOG_COMPILER_APPICON_NAME = AppIcon;
				CODE_SIGN_STYLE = Automatic;
				DEVELOPMENT_TEAM = X9VVW4ZPQS;
				INFOPLIST_FILE = Dabble/Info.plist;
				LD_RUNPATH_SEARCH_PATHS = (
					"$(inherited)",
					"@executable_path/Frameworks",
				);
				PRODUCT_BUNDLE_IDENTIFIER = com.vivekrai.haptikassignment.BluetoothConnectivity;
				PRODUCT_NAME = "$(TARGET_NAME)";
				SWIFT_VERSION = 4.2;
				TARGETED_DEVICE_FAMILY = "1,2";
			};
			name = Debug;
		};
		809C506F2296C3D5003F0E2A /* Release */ = {
			isa = XCBuildConfiguration;
			baseConfigurationReference = 5263FCBDBE10DA0D8F0DB58E /* Pods-Dabble.release.xcconfig */;
			buildSettings = {
				ASSETCATALOG_COMPILER_APPICON_NAME = AppIcon;
				CODE_SIGN_STYLE = Automatic;
				DEVELOPMENT_TEAM = X9VVW4ZPQS;
				INFOPLIST_FILE = Dabble/Info.plist;
				LD_RUNPATH_SEARCH_PATHS = (
					"$(inherited)",
					"@executable_path/Frameworks",
				);
				PRODUCT_BUNDLE_IDENTIFIER = com.vivekrai.haptikassignment.BluetoothConnectivity;
				PRODUCT_NAME = "$(TARGET_NAME)";
				SWIFT_VERSION = 4.2;
				TARGETED_DEVICE_FAMILY = "1,2";
			};
			name = Release;
		};
/* End XCBuildConfiguration section */

/* Begin XCConfigurationList section */
		809C50562296C3D4003F0E2A /* Build configuration list for PBXProject "Dabble" */ = {
			isa = XCConfigurationList;
			buildConfigurations = (
				809C506B2296C3D5003F0E2A /* Debug */,
				809C506C2296C3D5003F0E2A /* Release */,
			);
			defaultConfigurationIsVisible = 0;
			defaultConfigurationName = Release;
		};
		809C506D2296C3D5003F0E2A /* Build configuration list for PBXNativeTarget "Dabble" */ = {
			isa = XCConfigurationList;
			buildConfigurations = (
				809C506E2296C3D5003F0E2A /* Debug */,
				809C506F2296C3D5003F0E2A /* Release */,
			);
			defaultConfigurationIsVisible = 0;
			defaultConfigurationName = Release;
		};
/* End XCConfigurationList section */
	};
	rootObject = 809C50532296C3D4003F0E2A /* Project object */;
}
